
Microsoft Visual Studio Solution File, Format Version 12.00
# Visual Studio Version 17
VisualStudioVersion = 17.8.34330.188
MinimumVisualStudioVersion = 10.0.40219.1
Project("{FAE04EC0-301F-11D3-BF4B-00C04F79EFBC}") = "WebAppLoginPage", "WebAppLoginPage\WebAppLoginPage.csproj", "{5CEF88AA-0C67-4BE3-82AF-1EBBF8EC7E1C}"
EndProject
Global
	GlobalSection(SolutionConfigurationPlatforms) = preSolution
		Debug|Any CPU = Debug|Any CPU
		Release|Any CPU = Release|Any CPU
	EndGlobalSection
	GlobalSection(ProjectConfigurationPlatforms) = postSolution
		{5CEF88AA-0C67-4BE3-82AF-1EBBF8EC7E1C}.Debug|Any CPU.ActiveCfg = Debug|Any CPU
		{5CEF88AA-0C67-4BE3-82AF-1EBBF8EC7E1C}.Debug|Any CPU.Build.0 = Debug|Any CPU
		{5CEF88AA-0C67-4BE3-82AF-1EBBF8EC7E1C}.Release|Any CPU.ActiveCfg = Release|Any CPU
		{5CEF88AA-0C67-4BE3-82AF-1EBBF8EC7E1C}.Release|Any CPU.Build.0 = Release|Any CPU
	EndGlobalSection
	GlobalSection(SolutionProperties) = preSolution
		HideSolutionNode = FALSE
	EndGlobalSection
	GlobalSection(ExtensibilityGlobals) = postSolution
		SolutionGuid = {69F1CC21-728A-488B-A321-FA614ABB8DDD}
	EndGlobalSection
EndGlobal
